// !$*UTF8*$!
{
	archiveVersion = 1;
	classes = {
	};
	objectVersion = 46;
	objects = {

/* Begin PBXBuildFile section */
		4BE9A4C06C9C4BE6F31F7469 /* libPods.a in Frameworks */ = {isa = PBXBuildFile; fileRef = 5A87CBB8AB18CA369AE4D096 /* libPods.a */; };
		D6D022621CBFAD9900B70A87 /* BaseViewController.m in Sources */ = {isa = PBXBuildFile; fileRef = D6D022611CBFAD9900B70A87 /* BaseViewController.m */; };
		D6D022651CBFADAE00B70A87 /* DiscoverViewController.m in Sources */ = {isa = PBXBuildFile; fileRef = D6D022641CBFADAE00B70A87 /* DiscoverViewController.m */; };
		D6D022681CBFADBB00B70A87 /* HomePageViewController.m in Sources */ = {isa = PBXBuildFile; fileRef = D6D022671CBFADBB00B70A87 /* HomePageViewController.m */; };
		D6D0226B1CBFADC700B70A87 /* MineViewController.m in Sources */ = {isa = PBXBuildFile; fileRef = D6D0226A1CBFADC700B70A87 /* MineViewController.m */; };
		D6D0227F1CBFB3B900B70A87 /* ViewController1.m in Sources */ = {isa = PBXBuildFile; fileRef = D6D022781CBFB3B900B70A87 /* ViewController1.m */; };
		D6D022801CBFB3B900B70A87 /* ViewController2.m in Sources */ = {isa = PBXBuildFile; fileRef = D6D0227A1CBFB3B900B70A87 /* ViewController2.m */; };
		D6D022811CBFB3B900B70A87 /* ViewController3.m in Sources */ = {isa = PBXBuildFile; fileRef = D6D0227C1CBFB3B900B70A87 /* ViewController3.m */; };
		D6D022821CBFB3B900B70A87 /* ViewController4.m in Sources */ = {isa = PBXBuildFile; fileRef = D6D0227E1CBFB3B900B70A87 /* ViewController4.m */; };
		D6EB87371CC0D86E001936A1 /* TabBarController.m in Sources */ = {isa = PBXBuildFile; fileRef = D6EB87361CC0D86E001936A1 /* TabBarController.m */; };
		D6EB873C1CC0DC24001936A1 /* Tab_Me_selected@2x.png in Resources */ = {isa = PBXBuildFile; fileRef = D6EB87381CC0DC24001936A1 /* Tab_Me_selected@2x.png */; };
		D6EB873D1CC0DC24001936A1 /* Tab_Me_selected@3x.png in Resources */ = {isa = PBXBuildFile; fileRef = D6EB87391CC0DC24001936A1 /* Tab_Me_selected@3x.png */; };
		D6EB873E1CC0DC24001936A1 /* Tab_Me_normal@2x.png in Resources */ = {isa = PBXBuildFile; fileRef = D6EB873A1CC0DC24001936A1 /* Tab_Me_normal@2x.png */; };
		D6EB873F1CC0DC24001936A1 /* Tab_Me_normal@3x.png in Resources */ = {isa = PBXBuildFile; fileRef = D6EB873B1CC0DC24001936A1 /* Tab_Me_normal@3x.png */; };
		D6EB874C1CC0E29D001936A1 /* HorizonalTableViewController.m in Sources */ = {isa = PBXBuildFile; fileRef = D6EB87471CC0E29D001936A1 /* HorizonalTableViewController.m */; };
		D6EB874D1CC0E29D001936A1 /* ScrollerViewController.m in Sources */ = {isa = PBXBuildFile; fileRef = D6EB87491CC0E29D001936A1 /* ScrollerViewController.m */; };
		D6EB874E1CC0E29D001936A1 /* TitleBarView.m in Sources */ = {isa = PBXBuildFile; fileRef = D6EB874B1CC0E29D001936A1 /* TitleBarView.m */; };
		D6EB87521CC0E324001936A1 /* BannerView.m in Sources */ = {isa = PBXBuildFile; fileRef = D6EB87511CC0E324001936A1 /* BannerView.m */; };
		D6EB87551CC0E368001936A1 /* BannerItem.m in Sources */ = {isa = PBXBuildFile; fileRef = D6EB87541CC0E368001936A1 /* BannerItem.m */; };
		D6EB875C1CC0E9D5001936A1 /* 004.jpg in Resources */ = {isa = PBXBuildFile; fileRef = D6EB87571CC0E9D5001936A1 /* 004.jpg */; };
		D6EB875D1CC0E9D5001936A1 /* 005.jpg in Resources */ = {isa = PBXBuildFile; fileRef = D6EB87581CC0E9D5001936A1 /* 005.jpg */; };
		D6EB87641CC0F3B4001936A1 /* 001.jpg in Resources */ = {isa = PBXBuildFile; fileRef = D6EB87611CC0F3B4001936A1 /* 001.jpg */; };
		D6EB87651CC0F3B4001936A1 /* 002.jpg in Resources */ = {isa = PBXBuildFile; fileRef = D6EB87621CC0F3B4001936A1 /* 002.jpg */; };
		D6EB87661CC0F3B4001936A1 /* 003.jpg in Resources */ = {isa = PBXBuildFile; fileRef = D6EB87631CC0F3B4001936A1 /* 003.jpg */; };
		D6EB876B1CC0FC09001936A1 /* Tab_Discover_normal@2x.png in Resources */ = {isa = PBXBuildFile; fileRef = D6EB87671CC0FC09001936A1 /* Tab_Discover_normal@2x.png */; };
		D6EB876C1CC0FC09001936A1 /* Tab_Discover_normal@3x.png in Resources */ = {isa = PBXBuildFile; fileRef = D6EB87681CC0FC09001936A1 /* Tab_Discover_normal@3x.png */; };
		D6EB876D1CC0FC09001936A1 /* Tab_Discover_selected@2x.png in Resources */ = {isa = PBXBuildFile; fileRef = D6EB87691CC0FC09001936A1 /* Tab_Discover_selected@2x.png */; };
		D6EB876E1CC0FC09001936A1 /* Tab_Discover_selected@3x.png in Resources */ = {isa = PBXBuildFile; fileRef = D6EB876A1CC0FC09001936A1 /* Tab_Discover_selected@3x.png */; };
		D6FB47C91CBFA05400282234 /* main.m in Sources */ = {isa = PBXBuildFile; fileRef = D6FB47C81CBFA05400282234 /* main.m */; };
		D6FB47CC1CBFA05400282234 /* AppDelegate.m in Sources */ = {isa = PBXBuildFile; fileRef = D6FB47CB1CBFA05400282234 /* AppDelegate.m */; };
		D6FB47D21CBFA05400282234 /* Main.storyboard in Resources */ = {isa = PBXBuildFile; fileRef = D6FB47D01CBFA05400282234 /* Main.storyboard */; };
		D6FB47D41CBFA05400282234 /* Images.xcassets in Resources */ = {isa = PBXBuildFile; fileRef = D6FB47D31CBFA05400282234 /* Images.xcassets */; };
		D6FB47D71CBFA05400282234 /* LaunchScreen.xib in Resources */ = {isa = PBXBuildFile; fileRef = D6FB47D51CBFA05400282234 /* LaunchScreen.xib */; };
		D6FB47E31CBFA05400282234 /* App_GrowingTests.m in Sources */ = {isa = PBXBuildFile; fileRef = D6FB47E21CBFA05400282234 /* App_GrowingTests.m */; };
		D6FB47F81CBFACC100282234 /* NavigationController.m in Sources */ = {isa = PBXBuildFile; fileRef = D6FB47F71CBFACC100282234 /* NavigationController.m */; };
		FE76DF6E1CBFDAD100CBD817 /* first_normal.png in Resources */ = {isa = PBXBuildFile; fileRef = FE76DF5A1CBFDAD100CBD817 /* first_normal.png */; };
		FE76DF6F1CBFDAD100CBD817 /* first_normal@2x.png in Resources */ = {isa = PBXBuildFile; fileRef = FE76DF5B1CBFDAD100CBD817 /* first_normal@2x.png */; };
		FE76DF701CBFDAD100CBD817 /* first_selected.png in Resources */ = {isa = PBXBuildFile; fileRef = FE76DF5C1CBFDAD100CBD817 /* first_selected.png */; };
		FE76DF711CBFDAD100CBD817 /* first_selected@2x.png in Resources */ = {isa = PBXBuildFile; fileRef = FE76DF5D1CBFDAD100CBD817 /* first_selected@2x.png */; };
		FE76DF721CBFDAD100CBD817 /* navigationbar_background.png in Resources */ = {isa = PBXBuildFile; fileRef = FE76DF5E1CBFDAD100CBD817 /* navigationbar_background.png */; };
		FE76DF731CBFDAD100CBD817 /* navigationbar_background@2x.png in Resources */ = {isa = PBXBuildFile; fileRef = FE76DF5F1CBFDAD100CBD817 /* navigationbar_background@2x.png */; };
		FE76DF741CBFDAD100CBD817 /* navigationbar_background_tall.png in Resources */ = {isa = PBXBuildFile; fileRef = FE76DF601CBFDAD100CBD817 /* navigationbar_background_tall.png */; };
		FE76DF751CBFDAD100CBD817 /* navigationbar_background_tall@2x.png in Resources */ = {isa = PBXBuildFile; fileRef = FE76DF611CBFDAD100CBD817 /* navigationbar_background_tall@2x.png */; };
		FE76DF7A1CBFDAD100CBD817 /* tabbar_normal_background.png in Resources */ = {isa = PBXBuildFile; fileRef = FE76DF661CBFDAD100CBD817 /* tabbar_normal_background.png */; };
		FE76DF7B1CBFDAD100CBD817 /* tabbar_normal_background@2x.png in Resources */ = {isa = PBXBuildFile; fileRef = FE76DF671CBFDAD100CBD817 /* tabbar_normal_background@2x.png */; };
		FE76DF7C1CBFDAD100CBD817 /* tabbar_selected_background.png in Resources */ = {isa = PBXBuildFile; fileRef = FE76DF681CBFDAD100CBD817 /* tabbar_selected_background.png */; };
		FE76DF7D1CBFDAD100CBD817 /* tabbar_selected_background@2x.png in Resources */ = {isa = PBXBuildFile; fileRef = FE76DF691CBFDAD100CBD817 /* tabbar_selected_background@2x.png */; };
/* End PBXBuildFile section */

/* Begin PBXContainerItemProxy section */
		D6FB47DD1CBFA05400282234 /* PBXContainerItemProxy */ = {
			isa = PBXContainerItemProxy;
			containerPortal = D6FB47BB1CBFA05400282234 /* Project object */;
			proxyType = 1;
			remoteGlobalIDString = D6FB47C21CBFA05400282234;
			remoteInfo = "App-Growing";
		};
/* End PBXContainerItemProxy section */

/* Begin PBXFileReference section */
		359B65FDEE5567EEF574753F /* Pods.debug.xcconfig */ = {isa = PBXFileReference; includeInIndex = 1; lastKnownFileType = text.xcconfig; name = Pods.debug.xcconfig; path = "Pods/Target Support Files/Pods/Pods.debug.xcconfig"; sourceTree = "<group>"; };
		5A87CBB8AB18CA369AE4D096 /* libPods.a */ = {isa = PBXFileReference; explicitFileType = archive.ar; includeInIndex = 0; path = libPods.a; sourceTree = BUILT_PRODUCTS_DIR; };
		D6D022601CBFAD9900B70A87 /* BaseViewController.h */ = {isa = PBXFileReference; fileEncoding = 4; lastKnownFileType = sourcecode.c.h; path = BaseViewController.h; sourceTree = "<group>"; };
		D6D022611CBFAD9900B70A87 /* BaseViewController.m */ = {isa = PBXFileReference; fileEncoding = 4; lastKnownFileType = sourcecode.c.objc; path = BaseViewController.m; sourceTree = "<group>"; };
		D6D022631CBFADAE00B70A87 /* DiscoverViewController.h */ = {isa = PBXFileReference; fileEncoding = 4; lastKnownFileType = sourcecode.c.h; path = DiscoverViewController.h; sourceTree = "<group>"; };
		D6D022641CBFADAE00B70A87 /* DiscoverViewController.m */ = {isa = PBXFileReference; fileEncoding = 4; lastKnownFileType = sourcecode.c.objc; path = DiscoverViewController.m; sourceTree = "<group>"; };
		D6D022661CBFADBB00B70A87 /* HomePageViewController.h */ = {isa = PBXFileReference; fileEncoding = 4; lastKnownFileType = sourcecode.c.h; path = HomePageViewController.h; sourceTree = "<group>"; };
		D6D022671CBFADBB00B70A87 /* HomePageViewController.m */ = {isa = PBXFileReference; fileEncoding = 4; lastKnownFileType = sourcecode.c.objc; path = HomePageViewController.m; sourceTree = "<group>"; };
		D6D022691CBFADC700B70A87 /* MineViewController.h */ = {isa = PBXFileReference; fileEncoding = 4; lastKnownFileType = sourcecode.c.h; path = MineViewController.h; sourceTree = "<group>"; };
		D6D0226A1CBFADC700B70A87 /* MineViewController.m */ = {isa = PBXFileReference; fileEncoding = 4; lastKnownFileType = sourcecode.c.objc; path = MineViewController.m; sourceTree = "<group>"; };
		D6D022761CBFB0F000B70A87 /* PrefixHeader.pch */ = {isa = PBXFileReference; fileEncoding = 4; lastKnownFileType = sourcecode.c.h; path = PrefixHeader.pch; sourceTree = "<group>"; };
		D6D022771CBFB3B900B70A87 /* ViewController1.h */ = {isa = PBXFileReference; fileEncoding = 4; lastKnownFileType = sourcecode.c.h; path = ViewController1.h; sourceTree = "<group>"; };
		D6D022781CBFB3B900B70A87 /* ViewController1.m */ = {isa = PBXFileReference; fileEncoding = 4; lastKnownFileType = sourcecode.c.objc; path = ViewController1.m; sourceTree = "<group>"; };
		D6D022791CBFB3B900B70A87 /* ViewController2.h */ = {isa = PBXFileReference; fileEncoding = 4; lastKnownFileType = sourcecode.c.h; path = ViewController2.h; sourceTree = "<group>"; };
		D6D0227A1CBFB3B900B70A87 /* ViewController2.m */ = {isa = PBXFileReference; fileEncoding = 4; lastKnownFileType = sourcecode.c.objc; path = ViewController2.m; sourceTree = "<group>"; };
		D6D0227B1CBFB3B900B70A87 /* ViewController3.h */ = {isa = PBXFileReference; fileEncoding = 4; lastKnownFileType = sourcecode.c.h; path = ViewController3.h; sourceTree = "<group>"; };
		D6D0227C1CBFB3B900B70A87 /* ViewController3.m */ = {isa = PBXFileReference; fileEncoding = 4; lastKnownFileType = sourcecode.c.objc; path = ViewController3.m; sourceTree = "<group>"; };
		D6D0227D1CBFB3B900B70A87 /* ViewController4.h */ = {isa = PBXFileReference; fileEncoding = 4; lastKnownFileType = sourcecode.c.h; path = ViewController4.h; sourceTree = "<group>"; };
		D6D0227E1CBFB3B900B70A87 /* ViewController4.m */ = {isa = PBXFileReference; fileEncoding = 4; lastKnownFileType = sourcecode.c.objc; path = ViewController4.m; sourceTree = "<group>"; };
		D6EB87351CC0D86E001936A1 /* TabBarController.h */ = {isa = PBXFileReference; fileEncoding = 4; lastKnownFileType = sourcecode.c.h; path = TabBarController.h; sourceTree = "<group>"; };
		D6EB87361CC0D86E001936A1 /* TabBarController.m */ = {isa = PBXFileReference; fileEncoding = 4; lastKnownFileType = sourcecode.c.objc; path = TabBarController.m; sourceTree = "<group>"; };
		D6EB87381CC0DC24001936A1 /* Tab_Me_selected@2x.png */ = {isa = PBXFileReference; lastKnownFileType = image.png; path = "Tab_Me_selected@2x.png"; sourceTree = "<group>"; };
		D6EB87391CC0DC24001936A1 /* Tab_Me_selected@3x.png */ = {isa = PBXFileReference; lastKnownFileType = image.png; path = "Tab_Me_selected@3x.png"; sourceTree = "<group>"; };
		D6EB873A1CC0DC24001936A1 /* Tab_Me_normal@2x.png */ = {isa = PBXFileReference; lastKnownFileType = image.png; path = "Tab_Me_normal@2x.png"; sourceTree = "<group>"; };
		D6EB873B1CC0DC24001936A1 /* Tab_Me_normal@3x.png */ = {isa = PBXFileReference; lastKnownFileType = image.png; path = "Tab_Me_normal@3x.png"; sourceTree = "<group>"; };
		D6EB87461CC0E29D001936A1 /* HorizonalTableViewController.h */ = {isa = PBXFileReference; fileEncoding = 4; lastKnownFileType = sourcecode.c.h; path = HorizonalTableViewController.h; sourceTree = "<group>"; };
		D6EB87471CC0E29D001936A1 /* HorizonalTableViewController.m */ = {isa = PBXFileReference; fileEncoding = 4; lastKnownFileType = sourcecode.c.objc; path = HorizonalTableViewController.m; sourceTree = "<group>"; };
		D6EB87481CC0E29D001936A1 /* ScrollerViewController.h */ = {isa = PBXFileReference; fileEncoding = 4; lastKnownFileType = sourcecode.c.h; path = ScrollerViewController.h; sourceTree = "<group>"; };
		D6EB87491CC0E29D001936A1 /* ScrollerViewController.m */ = {isa = PBXFileReference; fileEncoding = 4; lastKnownFileType = sourcecode.c.objc; path = ScrollerViewController.m; sourceTree = "<group>"; };
		D6EB874A1CC0E29D001936A1 /* TitleBarView.h */ = {isa = PBXFileReference; fileEncoding = 4; lastKnownFileType = sourcecode.c.h; path = TitleBarView.h; sourceTree = "<group>"; };
		D6EB874B1CC0E29D001936A1 /* TitleBarView.m */ = {isa = PBXFileReference; fileEncoding = 4; lastKnownFileType = sourcecode.c.objc; path = TitleBarView.m; sourceTree = "<group>"; };
		D6EB87501CC0E324001936A1 /* BannerView.h */ = {isa = PBXFileReference; fileEncoding = 4; lastKnownFileType = sourcecode.c.h; path = BannerView.h; sourceTree = "<group>"; };
		D6EB87511CC0E324001936A1 /* BannerView.m */ = {isa = PBXFileReference; fileEncoding = 4; lastKnownFileType = sourcecode.c.objc; path = BannerView.m; sourceTree = "<group>"; };
		D6EB87531CC0E368001936A1 /* BannerItem.h */ = {isa = PBXFileReference; fileEncoding = 4; lastKnownFileType = sourcecode.c.h; path = BannerItem.h; sourceTree = "<group>"; };
		D6EB87541CC0E368001936A1 /* BannerItem.m */ = {isa = PBXFileReference; fileEncoding = 4; lastKnownFileType = sourcecode.c.objc; path = BannerItem.m; sourceTree = "<group>"; };
		D6EB87571CC0E9D5001936A1 /* 004.jpg */ = {isa = PBXFileReference; lastKnownFileType = image.jpeg; path = 004.jpg; sourceTree = "<group>"; };
		D6EB87581CC0E9D5001936A1 /* 005.jpg */ = {isa = PBXFileReference; lastKnownFileType = image.jpeg; path = 005.jpg; sourceTree = "<group>"; };
		D6EB87611CC0F3B4001936A1 /* 001.jpg */ = {isa = PBXFileReference; lastKnownFileType = image.jpeg; path = 001.jpg; sourceTree = "<group>"; };
		D6EB87621CC0F3B4001936A1 /* 002.jpg */ = {isa = PBXFileReference; lastKnownFileType = image.jpeg; path = 002.jpg; sourceTree = "<group>"; };
		D6EB87631CC0F3B4001936A1 /* 003.jpg */ = {isa = PBXFileReference; lastKnownFileType = image.jpeg; path = 003.jpg; sourceTree = "<group>"; };
		D6EB87671CC0FC09001936A1 /* Tab_Discover_normal@2x.png */ = {isa = PBXFileReference; lastKnownFileType = image.png; path = "Tab_Discover_normal@2x.png"; sourceTree = "<group>"; };
		D6EB87681CC0FC09001936A1 /* Tab_Discover_normal@3x.png */ = {isa = PBXFileReference; lastKnownFileType = image.png; path = "Tab_Discover_normal@3x.png"; sourceTree = "<group>"; };
		D6EB87691CC0FC09001936A1 /* Tab_Discover_selected@2x.png */ = {isa = PBXFileReference; lastKnownFileType = image.png; path = "Tab_Discover_selected@2x.png"; sourceTree = "<group>"; };
		D6EB876A1CC0FC09001936A1 /* Tab_Discover_selected@3x.png */ = {isa = PBXFileReference; lastKnownFileType = image.png; path = "Tab_Discover_selected@3x.png"; sourceTree = "<group>"; };
		D6FB47C31CBFA05400282234 /* App-Growing.app */ = {isa = PBXFileReference; explicitFileType = wrapper.application; includeInIndex = 0; path = "App-Growing.app"; sourceTree = BUILT_PRODUCTS_DIR; };
		D6FB47C71CBFA05400282234 /* Info.plist */ = {isa = PBXFileReference; lastKnownFileType = text.plist.xml; path = Info.plist; sourceTree = "<group>"; };
		D6FB47C81CBFA05400282234 /* main.m */ = {isa = PBXFileReference; lastKnownFileType = sourcecode.c.objc; path = main.m; sourceTree = "<group>"; };
		D6FB47CA1CBFA05400282234 /* AppDelegate.h */ = {isa = PBXFileReference; lastKnownFileType = sourcecode.c.h; path = AppDelegate.h; sourceTree = "<group>"; };
		D6FB47CB1CBFA05400282234 /* AppDelegate.m */ = {isa = PBXFileReference; lastKnownFileType = sourcecode.c.objc; path = AppDelegate.m; sourceTree = "<group>"; };
		D6FB47D11CBFA05400282234 /* Base */ = {isa = PBXFileReference; lastKnownFileType = file.storyboard; name = Base; path = Base.lproj/Main.storyboard; sourceTree = "<group>"; };
		D6FB47D31CBFA05400282234 /* Images.xcassets */ = {isa = PBXFileReference; lastKnownFileType = folder.assetcatalog; path = Images.xcassets; sourceTree = "<group>"; };
		D6FB47D61CBFA05400282234 /* Base */ = {isa = PBXFileReference; lastKnownFileType = file.xib; name = Base; path = Base.lproj/LaunchScreen.xib; sourceTree = "<group>"; };
		D6FB47DC1CBFA05400282234 /* App-GrowingTests.xctest */ = {isa = PBXFileReference; explicitFileType = wrapper.cfbundle; includeInIndex = 0; path = "App-GrowingTests.xctest"; sourceTree = BUILT_PRODUCTS_DIR; };
		D6FB47E11CBFA05400282234 /* Info.plist */ = {isa = PBXFileReference; lastKnownFileType = text.plist.xml; path = Info.plist; sourceTree = "<group>"; };
		D6FB47E21CBFA05400282234 /* App_GrowingTests.m */ = {isa = PBXFileReference; lastKnownFileType = sourcecode.c.objc; path = App_GrowingTests.m; sourceTree = "<group>"; };
		D6FB47F61CBFACC100282234 /* NavigationController.h */ = {isa = PBXFileReference; fileEncoding = 4; lastKnownFileType = sourcecode.c.h; path = NavigationController.h; sourceTree = "<group>"; };
		D6FB47F71CBFACC100282234 /* NavigationController.m */ = {isa = PBXFileReference; fileEncoding = 4; lastKnownFileType = sourcecode.c.objc; path = NavigationController.m; sourceTree = "<group>"; };
		FA9B8BCC77847C2CC2DD9424 /* Pods.release.xcconfig */ = {isa = PBXFileReference; includeInIndex = 1; lastKnownFileType = text.xcconfig; name = Pods.release.xcconfig; path = "Pods/Target Support Files/Pods/Pods.release.xcconfig"; sourceTree = "<group>"; };
		FE76DF5A1CBFDAD100CBD817 /* first_normal.png */ = {isa = PBXFileReference; lastKnownFileType = image.png; path = first_normal.png; sourceTree = "<group>"; };
		FE76DF5B1CBFDAD100CBD817 /* first_normal@2x.png */ = {isa = PBXFileReference; lastKnownFileType = image.png; path = "first_normal@2x.png"; sourceTree = "<group>"; };
		FE76DF5C1CBFDAD100CBD817 /* first_selected.png */ = {isa = PBXFileReference; lastKnownFileType = image.png; path = first_selected.png; sourceTree = "<group>"; };
		FE76DF5D1CBFDAD100CBD817 /* first_selected@2x.png */ = {isa = PBXFileReference; lastKnownFileType = image.png; path = "first_selected@2x.png"; sourceTree = "<group>"; };
		FE76DF5E1CBFDAD100CBD817 /* navigationbar_background.png */ = {isa = PBXFileReference; lastKnownFileType = image.png; path = navigationbar_background.png; sourceTree = "<group>"; };
		FE76DF5F1CBFDAD100CBD817 /* navigationbar_background@2x.png */ = {isa = PBXFileReference; lastKnownFileType = image.png; path = "navigationbar_background@2x.png"; sourceTree = "<group>"; };
		FE76DF601CBFDAD100CBD817 /* navigationbar_background_tall.png */ = {isa = PBXFileReference; lastKnownFileType = image.png; path = navigationbar_background_tall.png; sourceTree = "<group>"; };
		FE76DF611CBFDAD100CBD817 /* navigationbar_background_tall@2x.png */ = {isa = PBXFileReference; lastKnownFileType = image.png; path = "navigationbar_background_tall@2x.png"; sourceTree = "<group>"; };
		FE76DF661CBFDAD100CBD817 /* tabbar_normal_background.png */ = {isa = PBXFileReference; lastKnownFileType = image.png; path = tabbar_normal_background.png; sourceTree = "<group>"; };
		FE76DF671CBFDAD100CBD817 /* tabbar_normal_background@2x.png */ = {isa = PBXFileReference; lastKnownFileType = image.png; path = "tabbar_normal_background@2x.png"; sourceTree = "<group>"; };
		FE76DF681CBFDAD100CBD817 /* tabbar_selected_background.png */ = {isa = PBXFileReference; lastKnownFileType = image.png; path = tabbar_selected_background.png; sourceTree = "<group>"; };
		FE76DF691CBFDAD100CBD817 /* tabbar_selected_background@2x.png */ = {isa = PBXFileReference; lastKnownFileType = image.png; path = "tabbar_selected_background@2x.png"; sourceTree = "<group>"; };
/* End PBXFileReference section */

/* Begin PBXFrameworksBuildPhase section */
		D6FB47C01CBFA05400282234 /* Frameworks */ = {
			isa = PBXFrameworksBuildPhase;
			buildActionMask = 2147483647;
			files = (
				4BE9A4C06C9C4BE6F31F7469 /* libPods.a in Frameworks */,
			);
			runOnlyForDeploymentPostprocessing = 0;
		};
		D6FB47D91CBFA05400282234 /* Frameworks */ = {
			isa = PBXFrameworksBuildPhase;
			buildActionMask = 2147483647;
			files = (
			);
			runOnlyForDeploymentPostprocessing = 0;
		};
/* End PBXFrameworksBuildPhase section */

/* Begin PBXGroup section */
		1D94F1E43B52BCF1B50FB4B8 /* Frameworks */ = {
			isa = PBXGroup;
			children = (
				5A87CBB8AB18CA369AE4D096 /* libPods.a */,
			);
			name = Frameworks;
			sourceTree = "<group>";
		};
		D6D022571CBFAD5B00B70A87 /* Discover */ = {
			isa = PBXGroup;
			children = (
				D6D022631CBFADAE00B70A87 /* DiscoverViewController.h */,
				D6D022641CBFADAE00B70A87 /* DiscoverViewController.m */,
				D6D022771CBFB3B900B70A87 /* ViewController1.h */,
				D6D022781CBFB3B900B70A87 /* ViewController1.m */,
				D6D022791CBFB3B900B70A87 /* ViewController2.h */,
				D6D0227A1CBFB3B900B70A87 /* ViewController2.m */,
				D6D0227B1CBFB3B900B70A87 /* ViewController3.h */,
				D6D0227C1CBFB3B900B70A87 /* ViewController3.m */,
				D6D0227D1CBFB3B900B70A87 /* ViewController4.h */,
				D6D0227E1CBFB3B900B70A87 /* ViewController4.m */,
			);
			path = Discover;
			sourceTree = "<group>";
		};
		D6D022581CBFAD5B00B70A87 /* HomePage */ = {
			isa = PBXGroup;
			children = (
				D6D022661CBFADBB00B70A87 /* HomePageViewController.h */,
				D6D022671CBFADBB00B70A87 /* HomePageViewController.m */,
			);
			path = HomePage;
			sourceTree = "<group>";
		};
		D6D022591CBFAD5B00B70A87 /* Mine */ = {
			isa = PBXGroup;
			children = (
				D6D022691CBFADC700B70A87 /* MineViewController.h */,
				D6D0226A1CBFADC700B70A87 /* MineViewController.m */,
			);
			path = Mine;
			sourceTree = "<group>";
		};
		D6D0225A1CBFAD6600B70A87 /* Discover */ = {
			isa = PBXGroup;
			children = (
			);
			path = Discover;
			sourceTree = "<group>";
		};
		D6D0225B1CBFAD6600B70A87 /* HomePage */ = {
			isa = PBXGroup;
			children = (
			);
			path = HomePage;
			sourceTree = "<group>";
		};
		D6D0225C1CBFAD6600B70A87 /* Mine */ = {
			isa = PBXGroup;
			children = (
			);
			path = Mine;
			sourceTree = "<group>";
		};
		D6D0225D1CBFAD7300B70A87 /* Discover */ = {
			isa = PBXGroup;
			children = (
			);
			path = Discover;
			sourceTree = "<group>";
		};
		D6D0225E1CBFAD7300B70A87 /* HomePage */ = {
			isa = PBXGroup;
			children = (
			);
			path = HomePage;
			sourceTree = "<group>";
		};
		D6D0225F1CBFAD7300B70A87 /* Mine */ = {
			isa = PBXGroup;
			children = (
			);
			path = Mine;
			sourceTree = "<group>";
		};
		D6EB87451CC0E29D001936A1 /* ScrollViewController */ = {
			isa = PBXGroup;
			children = (
				D6EB87461CC0E29D001936A1 /* HorizonalTableViewController.h */,
				D6EB87471CC0E29D001936A1 /* HorizonalTableViewController.m */,
				D6EB87481CC0E29D001936A1 /* ScrollerViewController.h */,
				D6EB87491CC0E29D001936A1 /* ScrollerViewController.m */,
				D6EB874A1CC0E29D001936A1 /* TitleBarView.h */,
				D6EB874B1CC0E29D001936A1 /* TitleBarView.m */,
			);
			path = ScrollViewController;
			sourceTree = "<group>";
		};
		D6EB874F1CC0E2BF001936A1 /* Banner */ = {
			isa = PBXGroup;
			children = (
				D6EB87501CC0E324001936A1 /* BannerView.h */,
				D6EB87511CC0E324001936A1 /* BannerView.m */,
				D6EB87531CC0E368001936A1 /* BannerItem.h */,
				D6EB87541CC0E368001936A1 /* BannerItem.m */,
			);
			path = Banner;
			sourceTree = "<group>";
		};
		D6EB87561CC0E9D5001936A1 /* Test */ = {
			isa = PBXGroup;
			children = (
				D6EB87611CC0F3B4001936A1 /* 001.jpg */,
				D6EB87621CC0F3B4001936A1 /* 002.jpg */,
				D6EB87631CC0F3B4001936A1 /* 003.jpg */,
				D6EB87571CC0E9D5001936A1 /* 004.jpg */,
				D6EB87581CC0E9D5001936A1 /* 005.jpg */,
			);
			path = Test;
			sourceTree = "<group>";
		};
		D6FB47BA1CBFA05400282234 = {
			isa = PBXGroup;
			children = (
				D6FB47C51CBFA05400282234 /* App-Growing */,
				D6FB47DF1CBFA05400282234 /* App-GrowingTests */,
				D6FB47C41CBFA05400282234 /* Products */,
				FD5F203DF175C8DF70834E7F /* Pods */,
				1D94F1E43B52BCF1B50FB4B8 /* Frameworks */,
			);
			sourceTree = "<group>";
		};
		D6FB47C41CBFA05400282234 /* Products */ = {
			isa = PBXGroup;
			children = (
				D6FB47C31CBFA05400282234 /* App-Growing.app */,
				D6FB47DC1CBFA05400282234 /* App-GrowingTests.xctest */,
			);
			name = Products;
			sourceTree = "<group>";
		};
		D6FB47C51CBFA05400282234 /* App-Growing */ = {
			isa = PBXGroup;
			children = (
				D6FB47ED1CBFAB8600282234 /* Controller */,
				D6FB47F11CBFAB8600282234 /* View */,
				D6FB47EE1CBFAB8600282234 /* Model */,
				D6FB47F21CBFABD300282234 /* Root */,
				D6FB47EC1CBFAB8600282234 /* Category */,
				D6FB47EF1CBFAB8600282234 /* Util */,
				D6FB47F01CBFAB8600282234 /* Vendor */,
				FE76DF581CBFDAD100CBD817 /* Resource */,
				D6FB47CA1CBFA05400282234 /* AppDelegate.h */,
				D6FB47CB1CBFA05400282234 /* AppDelegate.m */,
				D6FB47D01CBFA05400282234 /* Main.storyboard */,
				D6FB47D31CBFA05400282234 /* Images.xcassets */,
				D6FB47D51CBFA05400282234 /* LaunchScreen.xib */,
				D6FB47C61CBFA05400282234 /* Supporting Files */,
			);
			path = "App-Growing";
			sourceTree = "<group>";
		};
		D6FB47C61CBFA05400282234 /* Supporting Files */ = {
			isa = PBXGroup;
			children = (
				D6FB47C71CBFA05400282234 /* Info.plist */,
				D6FB47C81CBFA05400282234 /* main.m */,
				D6D022761CBFB0F000B70A87 /* PrefixHeader.pch */,
			);
			name = "Supporting Files";
			sourceTree = "<group>";
		};
		D6FB47DF1CBFA05400282234 /* App-GrowingTests */ = {
			isa = PBXGroup;
			children = (
				D6FB47E21CBFA05400282234 /* App_GrowingTests.m */,
				D6FB47E01CBFA05400282234 /* Supporting Files */,
			);
			path = "App-GrowingTests";
			sourceTree = "<group>";
		};
		D6FB47E01CBFA05400282234 /* Supporting Files */ = {
			isa = PBXGroup;
			children = (
				D6FB47E11CBFA05400282234 /* Info.plist */,
			);
			name = "Supporting Files";
			sourceTree = "<group>";
		};
		D6FB47EC1CBFAB8600282234 /* Category */ = {
			isa = PBXGroup;
			children = (
			);
			path = Category;
			sourceTree = "<group>";
		};
		D6FB47ED1CBFAB8600282234 /* Controller */ = {
			isa = PBXGroup;
			children = (
				D6D022571CBFAD5B00B70A87 /* Discover */,
				D6D022581CBFAD5B00B70A87 /* HomePage */,
				D6D022591CBFAD5B00B70A87 /* Mine */,
			);
			path = Controller;
			sourceTree = "<group>";
		};
		D6FB47EE1CBFAB8600282234 /* Model */ = {
			isa = PBXGroup;
			children = (
				D6D0225D1CBFAD7300B70A87 /* Discover */,
				D6D0225E1CBFAD7300B70A87 /* HomePage */,
				D6D0225F1CBFAD7300B70A87 /* Mine */,
			);
			path = Model;
			sourceTree = "<group>";
		};
		D6FB47EF1CBFAB8600282234 /* Util */ = {
			isa = PBXGroup;
			children = (
			);
			path = Util;
			sourceTree = "<group>";
		};
		D6FB47F01CBFAB8600282234 /* Vendor */ = {
			isa = PBXGroup;
			children = (
				D6EB874F1CC0E2BF001936A1 /* Banner */,
				D6EB87451CC0E29D001936A1 /* ScrollViewController */,
			);
			path = Vendor;
			sourceTree = "<group>";
		};
		D6FB47F11CBFAB8600282234 /* View */ = {
			isa = PBXGroup;
			children = (
				D6D0225A1CBFAD6600B70A87 /* Discover */,
				D6D0225B1CBFAD6600B70A87 /* HomePage */,
				D6D0225C1CBFAD6600B70A87 /* Mine */,
			);
			path = View;
			sourceTree = "<group>";
		};
		D6FB47F21CBFABD300282234 /* Root */ = {
			isa = PBXGroup;
			children = (
				D6FB47F61CBFACC100282234 /* NavigationController.h */,
				D6FB47F71CBFACC100282234 /* NavigationController.m */,
				D6D022601CBFAD9900B70A87 /* BaseViewController.h */,
				D6D022611CBFAD9900B70A87 /* BaseViewController.m */,
				D6EB87351CC0D86E001936A1 /* TabBarController.h */,
				D6EB87361CC0D86E001936A1 /* TabBarController.m */,
			);
			path = Root;
			sourceTree = "<group>";
		};
		FD5F203DF175C8DF70834E7F /* Pods */ = {
			isa = PBXGroup;
			children = (
				359B65FDEE5567EEF574753F /* Pods.debug.xcconfig */,
				FA9B8BCC77847C2CC2DD9424 /* Pods.release.xcconfig */,
			);
			name = Pods;
			sourceTree = "<group>";
		};
		FE76DF581CBFDAD100CBD817 /* Resource */ = {
			isa = PBXGroup;
			children = (
				FE76DF591CBFDAD100CBD817 /* Images */,
			);
			path = Resource;
			sourceTree = "<group>";
		};
		FE76DF591CBFDAD100CBD817 /* Images */ = {
			isa = PBXGroup;
			children = (
				FE76DF5A1CBFDAD100CBD817 /* first_normal.png */,
				FE76DF5B1CBFDAD100CBD817 /* first_normal@2x.png */,
				FE76DF5C1CBFDAD100CBD817 /* first_selected.png */,
				FE76DF5D1CBFDAD100CBD817 /* first_selected@2x.png */,
				FE76DF5E1CBFDAD100CBD817 /* navigationbar_background.png */,
				FE76DF5F1CBFDAD100CBD817 /* navigationbar_background@2x.png */,
				FE76DF601CBFDAD100CBD817 /* navigationbar_background_tall.png */,
				FE76DF611CBFDAD100CBD817 /* navigationbar_background_tall@2x.png */,
				FE76DF661CBFDAD100CBD817 /* tabbar_normal_background.png */,
				FE76DF671CBFDAD100CBD817 /* tabbar_normal_background@2x.png */,
				FE76DF681CBFDAD100CBD817 /* tabbar_selected_background.png */,
				FE76DF691CBFDAD100CBD817 /* tabbar_selected_background@2x.png */,
				D6EB87381CC0DC24001936A1 /* Tab_Me_selected@2x.png */,
				D6EB87391CC0DC24001936A1 /* Tab_Me_selected@3x.png */,
				D6EB873A1CC0DC24001936A1 /* Tab_Me_normal@2x.png */,
				D6EB873B1CC0DC24001936A1 /* Tab_Me_normal@3x.png */,
				D6EB87671CC0FC09001936A1 /* Tab_Discover_normal@2x.png */,
				D6EB87681CC0FC09001936A1 /* Tab_Discover_normal@3x.png */,
				D6EB87691CC0FC09001936A1 /* Tab_Discover_selected@2x.png */,
				D6EB876A1CC0FC09001936A1 /* Tab_Discover_selected@3x.png */,
				D6EB87561CC0E9D5001936A1 /* Test */,
			);
			path = Images;
			sourceTree = "<group>";
		};
/* End PBXGroup section */

/* Begin PBXNativeTarget section */
		D6FB47C21CBFA05400282234 /* App-Growing */ = {
			isa = PBXNativeTarget;
			buildConfigurationList = D6FB47E61CBFA05400282234 /* Build configuration list for PBXNativeTarget "App-Growing" */;
			buildPhases = (
				80023F1289B6D080644CE5D8 /* Check Pods Manifest.lock */,
				D6FB47BF1CBFA05400282234 /* Sources */,
				D6FB47C01CBFA05400282234 /* Frameworks */,
				D6FB47C11CBFA05400282234 /* Resources */,
				F0B31FECCEFCA0DFFB589340 /* Embed Pods Frameworks */,
				33876253B6D00EF83F1E4943 /* Copy Pods Resources */,
			);
			buildRules = (
			);
			dependencies = (
			);
			name = "App-Growing";
			productName = "App-Growing";
			productReference = D6FB47C31CBFA05400282234 /* App-Growing.app */;
			productType = "com.apple.product-type.application";
		};
		D6FB47DB1CBFA05400282234 /* App-GrowingTests */ = {
			isa = PBXNativeTarget;
			buildConfigurationList = D6FB47E91CBFA05400282234 /* Build configuration list for PBXNativeTarget "App-GrowingTests" */;
			buildPhases = (
				D6FB47D81CBFA05400282234 /* Sources */,
				D6FB47D91CBFA05400282234 /* Frameworks */,
				D6FB47DA1CBFA05400282234 /* Resources */,
			);
			buildRules = (
			);
			dependencies = (
				D6FB47DE1CBFA05400282234 /* PBXTargetDependency */,
			);
			name = "App-GrowingTests";
			productName = "App-GrowingTests";
			productReference = D6FB47DC1CBFA05400282234 /* App-GrowingTests.xctest */;
			productType = "com.apple.product-type.bundle.unit-test";
		};
/* End PBXNativeTarget section */

/* Begin PBXProject section */
		D6FB47BB1CBFA05400282234 /* Project object */ = {
			isa = PBXProject;
			attributes = {
				LastUpgradeCheck = 0640;
				ORGANIZATIONNAME = leopard;
				TargetAttributes = {
					D6FB47C21CBFA05400282234 = {
						CreatedOnToolsVersion = 6.4;
						DevelopmentTeam = W7YDEDGW4E;
					};
					D6FB47DB1CBFA05400282234 = {
						CreatedOnToolsVersion = 6.4;
						TestTargetID = D6FB47C21CBFA05400282234;
					};
				};
			};
			buildConfigurationList = D6FB47BE1CBFA05400282234 /* Build configuration list for PBXProject "App-Growing" */;
			compatibilityVersion = "Xcode 3.2";
			developmentRegion = English;
			hasScannedForEncodings = 0;
			knownRegions = (
				en,
				Base,
			);
			mainGroup = D6FB47BA1CBFA05400282234;
			productRefGroup = D6FB47C41CBFA05400282234 /* Products */;
			projectDirPath = "";
			projectRoot = "";
			targets = (
				D6FB47C21CBFA05400282234 /* App-Growing */,
				D6FB47DB1CBFA05400282234 /* App-GrowingTests */,
			);
		};
/* End PBXProject section */

/* Begin PBXResourcesBuildPhase section */
		D6FB47C11CBFA05400282234 /* Resources */ = {
			isa = PBXResourcesBuildPhase;
			buildActionMask = 2147483647;
			files = (
				D6EB873F1CC0DC24001936A1 /* Tab_Me_normal@3x.png in Resources */,
				FE76DF7D1CBFDAD100CBD817 /* tabbar_selected_background@2x.png in Resources */,
				FE76DF7C1CBFDAD100CBD817 /* tabbar_selected_background.png in Resources */,
				FE76DF7A1CBFDAD100CBD817 /* tabbar_normal_background.png in Resources */,
				D6FB47D21CBFA05400282234 /* Main.storyboard in Resources */,
				D6FB47D71CBFA05400282234 /* LaunchScreen.xib in Resources */,
				D6EB873C1CC0DC24001936A1 /* Tab_Me_selected@2x.png in Resources */,
				FE76DF741CBFDAD100CBD817 /* navigationbar_background_tall.png in Resources */,
				D6EB87641CC0F3B4001936A1 /* 001.jpg in Resources */,
				FE76DF751CBFDAD100CBD817 /* navigationbar_background_tall@2x.png in Resources */,
				FE76DF6F1CBFDAD100CBD817 /* first_normal@2x.png in Resources */,
				D6EB876D1CC0FC09001936A1 /* Tab_Discover_selected@2x.png in Resources */,
				FE76DF721CBFDAD100CBD817 /* navigationbar_background.png in Resources */,
				FE76DF701CBFDAD100CBD817 /* first_selected.png in Resources */,
				FE76DF731CBFDAD100CBD817 /* navigationbar_background@2x.png in Resources */,
				D6EB87651CC0F3B4001936A1 /* 002.jpg in Resources */,
				D6EB873D1CC0DC24001936A1 /* Tab_Me_selected@3x.png in Resources */,
				D6EB876C1CC0FC09001936A1 /* Tab_Discover_normal@3x.png in Resources */,
				FE76DF7B1CBFDAD100CBD817 /* tabbar_normal_background@2x.png in Resources */,
				D6EB875C1CC0E9D5001936A1 /* 004.jpg in Resources */,
				D6EB876E1CC0FC09001936A1 /* Tab_Discover_selected@3x.png in Resources */,
				D6EB87661CC0F3B4001936A1 /* 003.jpg in Resources */,
				D6EB875D1CC0E9D5001936A1 /* 005.jpg in Resources */,
				FE76DF711CBFDAD100CBD817 /* first_selected@2x.png in Resources */,
				D6FB47D41CBFA05400282234 /* Images.xcassets in Resources */,
				D6EB876B1CC0FC09001936A1 /* Tab_Discover_normal@2x.png in Resources */,
				D6EB873E1CC0DC24001936A1 /* Tab_Me_normal@2x.png in Resources */,
				FE76DF6E1CBFDAD100CBD817 /* first_normal.png in Resources */,
			);
			runOnlyForDeploymentPostprocessing = 0;
		};
		D6FB47DA1CBFA05400282234 /* Resources */ = {
			isa = PBXResourcesBuildPhase;
			buildActionMask = 2147483647;
			files = (
			);
			runOnlyForDeploymentPostprocessing = 0;
		};
/* End PBXResourcesBuildPhase section */

/* Begin PBXShellScriptBuildPhase section */
		33876253B6D00EF83F1E4943 /* Copy Pods Resources */ = {
			isa = PBXShellScriptBuildPhase;
			buildActionMask = 2147483647;
			files = (
			);
			inputPaths = (
			);
			name = "Copy Pods Resources";
			outputPaths = (
			);
			runOnlyForDeploymentPostprocessing = 0;
			shellPath = /bin/sh;
			shellScript = "\"${SRCROOT}/Pods/Target Support Files/Pods/Pods-resources.sh\"\n";
			showEnvVarsInLog = 0;
		};
		80023F1289B6D080644CE5D8 /* Check Pods Manifest.lock */ = {
			isa = PBXShellScriptBuildPhase;
			buildActionMask = 2147483647;
			files = (
			);
			inputPaths = (
			);
			name = "Check Pods Manifest.lock";
			outputPaths = (
			);
			runOnlyForDeploymentPostprocessing = 0;
			shellPath = /bin/sh;
			shellScript = "diff \"${PODS_ROOT}/../Podfile.lock\" \"${PODS_ROOT}/Manifest.lock\" > /dev/null\nif [[ $? != 0 ]] ; then\n    cat << EOM\nerror: The sandbox is not in sync with the Podfile.lock. Run 'pod install' or update your CocoaPods installation.\nEOM\n    exit 1\nfi\n";
			showEnvVarsInLog = 0;
		};
		F0B31FECCEFCA0DFFB589340 /* Embed Pods Frameworks */ = {
			isa = PBXShellScriptBuildPhase;
			buildActionMask = 2147483647;
			files = (
			);
			inputPaths = (
			);
			name = "Embed Pods Frameworks";
			outputPaths = (
			);
			runOnlyForDeploymentPostprocessing = 0;
			shellPath = /bin/sh;
			shellScript = "\"${SRCROOT}/Pods/Target Support Files/Pods/Pods-frameworks.sh\"\n";
			showEnvVarsInLog = 0;
		};
/* End PBXShellScriptBuildPhase section */

/* Begin PBXSourcesBuildPhase section */
		D6FB47BF1CBFA05400282234 /* Sources */ = {
			isa = PBXSourcesBuildPhase;
			buildActionMask = 2147483647;
			files = (
				D6D022801CBFB3B900B70A87 /* ViewController2.m in Sources */,
				D6D022651CBFADAE00B70A87 /* DiscoverViewController.m in Sources */,
				D6D022621CBFAD9900B70A87 /* BaseViewController.m in Sources */,
				D6D022811CBFB3B900B70A87 /* ViewController3.m in Sources */,
				D6FB47F81CBFACC100282234 /* NavigationController.m in Sources */,
				D6D022681CBFADBB00B70A87 /* HomePageViewController.m in Sources */,
				D6D0227F1CBFB3B900B70A87 /* ViewController1.m in Sources */,
				D6EB87371CC0D86E001936A1 /* TabBarController.m in Sources */,
				D6EB87521CC0E324001936A1 /* BannerView.m in Sources */,
				D6D022821CBFB3B900B70A87 /* ViewController4.m in Sources */,
				D6FB47CC1CBFA05400282234 /* AppDelegate.m in Sources */,
				D6EB874D1CC0E29D001936A1 /* ScrollerViewController.m in Sources */,
				D6EB874C1CC0E29D001936A1 /* HorizonalTableViewController.m in Sources */,
				D6EB874E1CC0E29D001936A1 /* TitleBarView.m in Sources */,
				D6EB87551CC0E368001936A1 /* BannerItem.m in Sources */,
				D6FB47C91CBFA05400282234 /* main.m in Sources */,
				D6D0226B1CBFADC700B70A87 /* MineViewController.m in Sources */,
			);
			runOnlyForDeploymentPostprocessing = 0;
		};
		D6FB47D81CBFA05400282234 /* Sources */ = {
			isa = PBXSourcesBuildPhase;
			buildActionMask = 2147483647;
			files = (
				D6FB47E31CBFA05400282234 /* App_GrowingTests.m in Sources */,
			);
			runOnlyForDeploymentPostprocessing = 0;
		};
/* End PBXSourcesBuildPhase section */

/* Begin PBXTargetDependency section */
		D6FB47DE1CBFA05400282234 /* PBXTargetDependency */ = {
			isa = PBXTargetDependency;
			target = D6FB47C21CBFA05400282234 /* App-Growing */;
			targetProxy = D6FB47DD1CBFA05400282234 /* PBXContainerItemProxy */;
		};
/* End PBXTargetDependency section */

/* Begin PBXVariantGroup section */
		D6FB47D01CBFA05400282234 /* Main.storyboard */ = {
			isa = PBXVariantGroup;
			children = (
				D6FB47D11CBFA05400282234 /* Base */,
			);
			name = Main.storyboard;
			sourceTree = "<group>";
		};
		D6FB47D51CBFA05400282234 /* LaunchScreen.xib */ = {
			isa = PBXVariantGroup;
			children = (
				D6FB47D61CBFA05400282234 /* Base */,
			);
			name = LaunchScreen.xib;
			sourceTree = "<group>";
		};
/* End PBXVariantGroup section */

/* Begin XCBuildConfiguration section */
		D6FB47E41CBFA05400282234 /* Debug */ = {
			isa = XCBuildConfiguration;
			buildSettings = {
				ALWAYS_SEARCH_USER_PATHS = NO;
				CLANG_CXX_LANGUAGE_STANDARD = "gnu++0x";
				CLANG_CXX_LIBRARY = "libc++";
				CLANG_ENABLE_MODULES = YES;
				CLANG_ENABLE_OBJC_ARC = YES;
				CLANG_WARN_BOOL_CONVERSION = YES;
				CLANG_WARN_CONSTANT_CONVERSION = YES;
				CLANG_WARN_DIRECT_OBJC_ISA_USAGE = YES_ERROR;
				CLANG_WARN_EMPTY_BODY = YES;
				CLANG_WARN_ENUM_CONVERSION = YES;
				CLANG_WARN_INT_CONVERSION = YES;
				CLANG_WARN_OBJC_ROOT_CLASS = YES_ERROR;
				CLANG_WARN_UNREACHABLE_CODE = YES;
				CLANG_WARN__DUPLICATE_METHOD_MATCH = YES;
				"CODE_SIGN_IDENTITY[sdk=iphoneos*]" = "iPhone Developer";
				COPY_PHASE_STRIP = NO;
				DEBUG_INFORMATION_FORMAT = "dwarf-with-dsym";
				ENABLE_STRICT_OBJC_MSGSEND = YES;
				GCC_C_LANGUAGE_STANDARD = gnu99;
				GCC_DYNAMIC_NO_PIC = NO;
				GCC_NO_COMMON_BLOCKS = YES;
				GCC_OPTIMIZATION_LEVEL = 0;
				GCC_PREPROCESSOR_DEFINITIONS = (
					"DEBUG=1",
					"$(inherited)",
				);
				GCC_SYMBOLS_PRIVATE_EXTERN = NO;
				GCC_WARN_64_TO_32_BIT_CONVERSION = YES;
				GCC_WARN_ABOUT_RETURN_TYPE = YES_ERROR;
				GCC_WARN_UNDECLARED_SELECTOR = YES;
				GCC_WARN_UNINITIALIZED_AUTOS = YES_AGGRESSIVE;
				GCC_WARN_UNUSED_FUNCTION = YES;
				GCC_WARN_UNUSED_VARIABLE = YES;
				IPHONEOS_DEPLOYMENT_TARGET = 8.4;
				MTL_ENABLE_DEBUG_INFO = YES;
				ONLY_ACTIVE_ARCH = YES;
				SDKROOT = iphoneos;
				TARGETED_DEVICE_FAMILY = "1,2";
			};
			name = Debug;
		};
		D6FB47E51CBFA05400282234 /* Release */ = {
			isa = XCBuildConfiguration;
			buildSettings = {
				ALWAYS_SEARCH_USER_PATHS = NO;
				CLANG_CXX_LANGUAGE_STANDARD = "gnu++0x";
				CLANG_CXX_LIBRARY = "libc++";
				CLANG_ENABLE_MODULES = YES;
				CLANG_ENABLE_OBJC_ARC = YES;
				CLANG_WARN_BOOL_CONVERSION = YES;
				CLANG_WARN_CONSTANT_CONVERSION = YES;
				CLANG_WARN_DIRECT_OBJC_ISA_USAGE = YES_ERROR;
				CLANG_WARN_EMPTY_BODY = YES;
				CLANG_WARN_ENUM_CONVERSION = YES;
				CLANG_WARN_INT_CONVERSION = YES;
				CLANG_WARN_OBJC_ROOT_CLASS = YES_ERROR;
				CLANG_WARN_UNREACHABLE_CODE = YES;
				CLANG_WARN__DUPLICATE_METHOD_MATCH = YES;
				"CODE_SIGN_IDENTITY[sdk=iphoneos*]" = "iPhone Developer";
				COPY_PHASE_STRIP = NO;
				DEBUG_INFORMATION_FORMAT = "dwarf-with-dsym";
				ENABLE_NS_ASSERTIONS = NO;
				ENABLE_STRICT_OBJC_MSGSEND = YES;
				GCC_C_LANGUAGE_STANDARD = gnu99;
				GCC_NO_COMMON_BLOCKS = YES;
				GCC_WARN_64_TO_32_BIT_CONVERSION = YES;
				GCC_WARN_ABOUT_RETURN_TYPE = YES_ERROR;
				GCC_WARN_UNDECLARED_SELECTOR = YES;
				GCC_WARN_UNINITIALIZED_AUTOS = YES_AGGRESSIVE;
				GCC_WARN_UNUSED_FUNCTION = YES;
				GCC_WARN_UNUSED_VARIABLE = YES;
				IPHONEOS_DEPLOYMENT_TARGET = 8.4;
				MTL_ENABLE_DEBUG_INFO = NO;
				SDKROOT = iphoneos;
				TARGETED_DEVICE_FAMILY = "1,2";
				VALIDATE_PRODUCT = YES;
			};
			name = Release;
		};
		D6FB47E71CBFA05400282234 /* Debug */ = {
			isa = XCBuildConfiguration;
			baseConfigurationReference = 359B65FDEE5567EEF574753F /* Pods.debug.xcconfig */;
			buildSettings = {
				ASSETCATALOG_COMPILER_APPICON_NAME = AppIcon;
				CODE_SIGN_IDENTITY = "iPhone Developer";
				GCC_PREFIX_HEADER = "App-Growing/PrefixHeader.pch";
				INFOPLIST_FILE = "App-Growing/Info.plist";
				IPHONEOS_DEPLOYMENT_TARGET = 7.0;
				LD_RUNPATH_SEARCH_PATHS = "$(inherited) @executable_path/Frameworks";
				PRODUCT_NAME = "$(TARGET_NAME)";
			};
			name = Debug;
		};
		D6FB47E81CBFA05400282234 /* Release */ = {
			isa = XCBuildConfiguration;
			baseConfigurationReference = FA9B8BCC77847C2CC2DD9424 /* Pods.release.xcconfig */;
			buildSettings = {
				ASSETCATALOG_COMPILER_APPICON_NAME = AppIcon;
				CODE_SIGN_IDENTITY = "iPhone Developer";
				GCC_PREFIX_HEADER = "App-Growing/PrefixHeader.pch";
				INFOPLIST_FILE = "App-Growing/Info.plist";
				IPHONEOS_DEPLOYMENT_TARGET = 7.0;
				LD_RUNPATH_SEARCH_PATHS = "$(inherited) @executable_path/Frameworks";
				PRODUCT_NAME = "$(TARGET_NAME)";
			};
			name = Release;
		};
		D6FB47EA1CBFA05400282234 /* Debug */ = {
			isa = XCBuildConfiguration;
			buildSettings = {
				BUNDLE_LOADER = "$(TEST_HOST)";
				FRAMEWORK_SEARCH_PATHS = (
					"$(SDKROOT)/Developer/Library/Frameworks",
					"$(inherited)",
				);
				GCC_PREPROCESSOR_DEFINITIONS = (
					"DEBUG=1",
					"$(inherited)",
				);
				INFOPLIST_FILE = "App-GrowingTests/Info.plist";
				LD_RUNPATH_SEARCH_PATHS = "$(inherited) @executable_path/Frameworks @loader_path/Frameworks";
				PRODUCT_NAME = "$(TARGET_NAME)";
				TEST_HOST = "$(BUILT_PRODUCTS_DIR)/App-Growing.app/App-Growing";
			};
			name = Debug;
		};
		D6FB47EB1CBFA05400282234 /* Release */ = {
			isa = XCBuildConfiguration;
			buildSettings = {
				BUNDLE_LOADER = "$(TEST_HOST)";
				FRAMEWORK_SEARCH_PATHS = (
					"$(SDKROOT)/Developer/Library/Frameworks",
					"$(inherited)",
				);
				INFOPLIST_FILE = "App-GrowingTests/Info.plist";
				LD_RUNPATH_SEARCH_PATHS = "$(inherited) @executable_path/Frameworks @loader_path/Frameworks";
				PRODUCT_NAME = "$(TARGET_NAME)";
				TEST_HOST = "$(BUILT_PRODUCTS_DIR)/App-Growing.app/App-Growing";
			};
			name = Release;
		};
/* End XCBuildConfiguration section */

/* Begin XCConfigurationList section */
		D6FB47BE1CBFA05400282234 /* Build configuration list for PBXProject "App-Growing" */ = {
			isa = XCConfigurationList;
			buildConfigurations = (
				D6FB47E41CBFA05400282234 /* Debug */,
				D6FB47E51CBFA05400282234 /* Release */,
			);
			defaultConfigurationIsVisible = 0;
			defaultConfigurationName = Release;
		};
		D6FB47E61CBFA05400282234 /* Build configuration list for PBXNativeTarget "App-Growing" */ = {
			isa = XCConfigurationList;
			buildConfigurations = (
				D6FB47E71CBFA05400282234 /* Debug */,
				D6FB47E81CBFA05400282234 /* Release */,
			);
			defaultConfigurationIsVisible = 0;
			defaultConfigurationName = Release;
		};
		D6FB47E91CBFA05400282234 /* Build configuration list for PBXNativeTarget "App-GrowingTests" */ = {
			isa = XCConfigurationList;
			buildConfigurations = (
				D6FB47EA1CBFA05400282234 /* Debug */,
				D6FB47EB1CBFA05400282234 /* Release */,
			);
			defaultConfigurationIsVisible = 0;
			defaultConfigurationName = Release;
		};
/* End XCConfigurationList section */
	};
	rootObject = D6FB47BB1CBFA05400282234 /* Project object */;
}
